
Microsoft Visual Studio Solution File, Format Version 12.00
# Visual Studio Version 17
VisualStudioVersion = 17.10.35122.118
MinimumVisualStudioVersion = 10.0.40219.1
Project("{FAE04EC0-301F-11D3-BF4B-00C04F79EFBC}") = "Instrumento", "Instrumento\Instrumento.csproj", "{B09D11A9-D847-464F-AE9E-C4577F42F3E1}"
EndProject
Global
	GlobalSection(SolutionConfigurationPlatforms) = preSolution
		Debug|Any CPU = Debug|Any CPU
		Release|Any CPU = Release|Any CPU
	EndGlobalSection
	GlobalSection(ProjectConfigurationPlatforms) = postSolution
		{B09D11A9-D847-464F-AE9E-C4577F42F3E1}.Debug|Any CPU.ActiveCfg = Debug|Any CPU
		{B09D11A9-D847-464F-AE9E-C4577F42F3E1}.Debug|Any CPU.Build.0 = Debug|Any CPU
		{B09D11A9-D847-464F-AE9E-C4577F42F3E1}.Release|Any CPU.ActiveCfg = Release|Any CPU
		{B09D11A9-D847-464F-AE9E-C4577F42F3E1}.Release|Any CPU.Build.0 = Release|Any CPU
	EndGlobalSection
	GlobalSection(SolutionProperties) = preSolution
		HideSolutionNode = FALSE
	EndGlobalSection
	GlobalSection(ExtensibilityGlobals) = postSolution
		SolutionGuid = {B98A897B-30CC-4BBE-981A-DA88641B1F66}
	EndGlobalSection
EndGlobal
