
Microsoft Visual Studio Solution File, Format Version 12.00
# Visual Studio Version 17
VisualStudioVersion = 17.11.35208.52
MinimumVisualStudioVersion = 10.0.40219.1
Project("{9A19103F-16F7-4668-BE54-9A1E7A4F7556}") = "ListaDeTareas", "ListaDeTareas\ListaDeTareas.csproj", "{EA777828-A89A-42E1-B505-9585AD6C448B}"
EndProject
Project("{FAE04EC0-301F-11D3-BF4B-00C04F79EFBC}") = "ListaContactos", "ListaContactos\ListaContactos.csproj", "{D625FFE2-40E3-4F71-A10A-CA69EB4DF6A0}"
EndProject
Global
	GlobalSection(SolutionConfigurationPlatforms) = preSolution
		Debug|Any CPU = Debug|Any CPU
		Release|Any CPU = Release|Any CPU
	EndGlobalSection
	GlobalSection(ProjectConfigurationPlatforms) = postSolution
		{EA777828-A89A-42E1-B505-9585AD6C448B}.Debug|Any CPU.ActiveCfg = Debug|Any CPU
		{EA777828-A89A-42E1-B505-9585AD6C448B}.Debug|Any CPU.Build.0 = Debug|Any CPU
		{EA777828-A89A-42E1-B505-9585AD6C448B}.Release|Any CPU.ActiveCfg = Release|Any CPU
		{EA777828-A89A-42E1-B505-9585AD6C448B}.Release|Any CPU.Build.0 = Release|Any CPU
		{D625FFE2-40E3-4F71-A10A-CA69EB4DF6A0}.Debug|Any CPU.ActiveCfg = Debug|Any CPU
		{D625FFE2-40E3-4F71-A10A-CA69EB4DF6A0}.Debug|Any CPU.Build.0 = Debug|Any CPU
		{D625FFE2-40E3-4F71-A10A-CA69EB4DF6A0}.Release|Any CPU.ActiveCfg = Release|Any CPU
		{D625FFE2-40E3-4F71-A10A-CA69EB4DF6A0}.Release|Any CPU.Build.0 = Release|Any CPU
	EndGlobalSection
	GlobalSection(SolutionProperties) = preSolution
		HideSolutionNode = FALSE
	EndGlobalSection
	GlobalSection(ExtensibilityGlobals) = postSolution
		SolutionGuid = {873F9670-CAA8-462A-8B47-BEEA347337C6}
	EndGlobalSection
EndGlobal
