
Microsoft Visual Studio Solution File, Format Version 12.00
# Visual Studio Version 17
VisualStudioVersion = 17.10.35122.118
MinimumVisualStudioVersion = 10.0.40219.1
Project("{FAE04EC0-301F-11D3-BF4B-00C04F79EFBC}") = "Biblioteca", "Biblioteca\Biblioteca.csproj", "{C1AFE4D4-94DB-459C-9E85-CAADE9D1AC5F}"
EndProject
Global
	GlobalSection(SolutionConfigurationPlatforms) = preSolution
		Debug|Any CPU = Debug|Any CPU
		Release|Any CPU = Release|Any CPU
	EndGlobalSection
	GlobalSection(ProjectConfigurationPlatforms) = postSolution
		{C1AFE4D4-94DB-459C-9E85-CAADE9D1AC5F}.Debug|Any CPU.ActiveCfg = Debug|Any CPU
		{C1AFE4D4-94DB-459C-9E85-CAADE9D1AC5F}.Debug|Any CPU.Build.0 = Debug|Any CPU
		{C1AFE4D4-94DB-459C-9E85-CAADE9D1AC5F}.Release|Any CPU.ActiveCfg = Release|Any CPU
		{C1AFE4D4-94DB-459C-9E85-CAADE9D1AC5F}.Release|Any CPU.Build.0 = Release|Any CPU
	EndGlobalSection
	GlobalSection(SolutionProperties) = preSolution
		HideSolutionNode = FALSE
	EndGlobalSection
	GlobalSection(ExtensibilityGlobals) = postSolution
		SolutionGuid = {16EF19C3-FAC5-494F-99D1-E21747B91C23}
	EndGlobalSection
EndGlobal
