
Microsoft Visual Studio Solution File, Format Version 12.00
# Visual Studio Version 17
VisualStudioVersion = 17.10.35122.118
MinimumVisualStudioVersion = 10.0.40219.1
Project("{9A19103F-16F7-4668-BE54-9A1E7A4F7556}") = "Vehiculo", "Vehiculo\Vehiculo.csproj", "{8FE617D3-B813-4FFB-A2E0-17C38075BDF1}"
EndProject
Project("{9A19103F-16F7-4668-BE54-9A1E7A4F7556}") = "FormaGeometrica", "FormaGeometrica\FormaGeometrica.csproj", "{D27BB2DC-23E6-4961-8C02-EF73AA5FB9B7}"
EndProject
Project("{FAE04EC0-301F-11D3-BF4B-00C04F79EFBC}") = "DispositivoElectronico", "DispositivoElectronico\DispositivoElectronico.csproj", "{10E9C5F9-C4A4-4EDD-B88F-32D7FB6A9BB5}"
EndProject
Project("{FAE04EC0-301F-11D3-BF4B-00C04F79EFBC}") = "Empleado", "Empleado\Empleado.csproj", "{E1132698-B8C9-410E-AFE7-584E0093382A}"
EndProject
Global
	GlobalSection(SolutionConfigurationPlatforms) = preSolution
		Debug|Any CPU = Debug|Any CPU
		Release|Any CPU = Release|Any CPU
	EndGlobalSection
	GlobalSection(ProjectConfigurationPlatforms) = postSolution
		{8FE617D3-B813-4FFB-A2E0-17C38075BDF1}.Debug|Any CPU.ActiveCfg = Debug|Any CPU
		{8FE617D3-B813-4FFB-A2E0-17C38075BDF1}.Debug|Any CPU.Build.0 = Debug|Any CPU
		{8FE617D3-B813-4FFB-A2E0-17C38075BDF1}.Release|Any CPU.ActiveCfg = Release|Any CPU
		{8FE617D3-B813-4FFB-A2E0-17C38075BDF1}.Release|Any CPU.Build.0 = Release|Any CPU
		{D27BB2DC-23E6-4961-8C02-EF73AA5FB9B7}.Debug|Any CPU.ActiveCfg = Debug|Any CPU
		{D27BB2DC-23E6-4961-8C02-EF73AA5FB9B7}.Debug|Any CPU.Build.0 = Debug|Any CPU
		{D27BB2DC-23E6-4961-8C02-EF73AA5FB9B7}.Release|Any CPU.ActiveCfg = Release|Any CPU
		{D27BB2DC-23E6-4961-8C02-EF73AA5FB9B7}.Release|Any CPU.Build.0 = Release|Any CPU
		{10E9C5F9-C4A4-4EDD-B88F-32D7FB6A9BB5}.Debug|Any CPU.ActiveCfg = Debug|Any CPU
		{10E9C5F9-C4A4-4EDD-B88F-32D7FB6A9BB5}.Debug|Any CPU.Build.0 = Debug|Any CPU
		{10E9C5F9-C4A4-4EDD-B88F-32D7FB6A9BB5}.Release|Any CPU.ActiveCfg = Release|Any CPU
		{10E9C5F9-C4A4-4EDD-B88F-32D7FB6A9BB5}.Release|Any CPU.Build.0 = Release|Any CPU
		{E1132698-B8C9-410E-AFE7-584E0093382A}.Debug|Any CPU.ActiveCfg = Debug|Any CPU
		{E1132698-B8C9-410E-AFE7-584E0093382A}.Debug|Any CPU.Build.0 = Debug|Any CPU
		{E1132698-B8C9-410E-AFE7-584E0093382A}.Release|Any CPU.ActiveCfg = Release|Any CPU
		{E1132698-B8C9-410E-AFE7-584E0093382A}.Release|Any CPU.Build.0 = Release|Any CPU
	EndGlobalSection
	GlobalSection(SolutionProperties) = preSolution
		HideSolutionNode = FALSE
	EndGlobalSection
	GlobalSection(ExtensibilityGlobals) = postSolution
		SolutionGuid = {8D88AF36-0F2A-401C-9404-BF05DEF3A23A}
	EndGlobalSection
EndGlobal
