
Microsoft Visual Studio Solution File, Format Version 12.00
# Visual Studio Version 17
VisualStudioVersion = 17.10.35122.118
MinimumVisualStudioVersion = 10.0.40219.1
Project("{FAE04EC0-301F-11D3-BF4B-00C04F79EFBC}") = "PlanInternet", "PlanInternet\PlanInternet.csproj", "{600CB0ED-ADF8-4970-88BB-9031896C279C}"
EndProject
Global
	GlobalSection(SolutionConfigurationPlatforms) = preSolution
		Debug|Any CPU = Debug|Any CPU
		Release|Any CPU = Release|Any CPU
	EndGlobalSection
	GlobalSection(ProjectConfigurationPlatforms) = postSolution
		{600CB0ED-ADF8-4970-88BB-9031896C279C}.Debug|Any CPU.ActiveCfg = Debug|Any CPU
		{600CB0ED-ADF8-4970-88BB-9031896C279C}.Debug|Any CPU.Build.0 = Debug|Any CPU
		{600CB0ED-ADF8-4970-88BB-9031896C279C}.Release|Any CPU.ActiveCfg = Release|Any CPU
		{600CB0ED-ADF8-4970-88BB-9031896C279C}.Release|Any CPU.Build.0 = Release|Any CPU
	EndGlobalSection
	GlobalSection(SolutionProperties) = preSolution
		HideSolutionNode = FALSE
	EndGlobalSection
	GlobalSection(ExtensibilityGlobals) = postSolution
		SolutionGuid = {584412B6-B489-420E-BCA6-772C1B95BF7C}
	EndGlobalSection
EndGlobal
