
Microsoft Visual Studio Solution File, Format Version 12.00
# Visual Studio Version 17
VisualStudioVersion = 17.11.35219.272
MinimumVisualStudioVersion = 10.0.40219.1
Project("{FAE04EC0-301F-11D3-BF4B-00C04F79EFBC}") = "SistemaMonitoreoClima", "SistemaMonitoreoClima\SistemaMonitoreoClima.csproj", "{3BF621E5-B0B6-4507-B6D9-0D3B0B2ECFA2}"
EndProject
Global
	GlobalSection(SolutionConfigurationPlatforms) = preSolution
		Debug|Any CPU = Debug|Any CPU
		Release|Any CPU = Release|Any CPU
	EndGlobalSection
	GlobalSection(ProjectConfigurationPlatforms) = postSolution
		{3BF621E5-B0B6-4507-B6D9-0D3B0B2ECFA2}.Debug|Any CPU.ActiveCfg = Debug|Any CPU
		{3BF621E5-B0B6-4507-B6D9-0D3B0B2ECFA2}.Debug|Any CPU.Build.0 = Debug|Any CPU
		{3BF621E5-B0B6-4507-B6D9-0D3B0B2ECFA2}.Release|Any CPU.ActiveCfg = Release|Any CPU
		{3BF621E5-B0B6-4507-B6D9-0D3B0B2ECFA2}.Release|Any CPU.Build.0 = Release|Any CPU
	EndGlobalSection
	GlobalSection(SolutionProperties) = preSolution
		HideSolutionNode = FALSE
	EndGlobalSection
	GlobalSection(ExtensibilityGlobals) = postSolution
		SolutionGuid = {63208F91-B89A-4A04-BF7F-00F62A1BA94E}
	EndGlobalSection
EndGlobal
