
Microsoft Visual Studio Solution File, Format Version 12.00
# Visual Studio Version 17
VisualStudioVersion = 17.11.35208.52
MinimumVisualStudioVersion = 10.0.40219.1
Project("{FAE04EC0-301F-11D3-BF4B-00C04F79EFBC}") = "Escuela", "Escuela\Escuela.csproj", "{CA6B0EE3-B756-40A9-9BE3-4B84DC448B1E}"
EndProject
Global
	GlobalSection(SolutionConfigurationPlatforms) = preSolution
		Debug|Any CPU = Debug|Any CPU
		Release|Any CPU = Release|Any CPU
	EndGlobalSection
	GlobalSection(ProjectConfigurationPlatforms) = postSolution
		{CA6B0EE3-B756-40A9-9BE3-4B84DC448B1E}.Debug|Any CPU.ActiveCfg = Debug|Any CPU
		{CA6B0EE3-B756-40A9-9BE3-4B84DC448B1E}.Debug|Any CPU.Build.0 = Debug|Any CPU
		{CA6B0EE3-B756-40A9-9BE3-4B84DC448B1E}.Release|Any CPU.ActiveCfg = Release|Any CPU
		{CA6B0EE3-B756-40A9-9BE3-4B84DC448B1E}.Release|Any CPU.Build.0 = Release|Any CPU
	EndGlobalSection
	GlobalSection(SolutionProperties) = preSolution
		HideSolutionNode = FALSE
	EndGlobalSection
	GlobalSection(ExtensibilityGlobals) = postSolution
		SolutionGuid = {B496B6B2-7626-46EA-889E-234E8E06F493}
	EndGlobalSection
EndGlobal
